
Microsoft Visual Studio Solution File, Format Version 12.00
# Visual Studio 14
VisualStudioVersion = 14.0.25420.1
MinimumVisualStudioVersion = 10.0.40219.1
Project("{FAE04EC0-301F-11D3-BF4B-00C04F79EFBC}") = "CostAnalytics", "CostAnalytics\CostAnalytics.csproj", "{FFD69794-9E4B-412E-802B-69CA589D120F}"
EndProject
Project("{FAE04EC0-301F-11D3-BF4B-00C04F79EFBC}") = "CAParseService", "..\CAParseService\CAParseService\CAParseService.csproj", "{EF70224C-D9C5-4E1A-8966-9614849804F0}"
EndProject
Project("{FAE04EC0-301F-11D3-BF4B-00C04F79EFBC}") = "CABusiness", "..\CABusiness\CABusiness\CABusiness.csproj", "{00729BAB-EC62-4764-865C-98B740D306A7}"
EndProject
Global
	GlobalSection(SolutionConfigurationPlatforms) = preSolution
		Debug|Any CPU = Debug|Any CPU
		Release|Any CPU = Release|Any CPU
	EndGlobalSection
	GlobalSection(ProjectConfigurationPlatforms) = postSolution
		{FFD69794-9E4B-412E-802B-69CA589D120F}.Debug|Any CPU.ActiveCfg = Debug|Any CPU
		{FFD69794-9E4B-412E-802B-69CA589D120F}.Debug|Any CPU.Build.0 = Debug|Any CPU
		{FFD69794-9E4B-412E-802B-69CA589D120F}.Release|Any CPU.ActiveCfg = Release|Any CPU
		{FFD69794-9E4B-412E-802B-69CA589D120F}.Release|Any CPU.Build.0 = Release|Any CPU
		{EF70224C-D9C5-4E1A-8966-9614849804F0}.Debug|Any CPU.ActiveCfg = Debug|Any CPU
		{EF70224C-D9C5-4E1A-8966-9614849804F0}.Debug|Any CPU.Build.0 = Debug|Any CPU
		{EF70224C-D9C5-4E1A-8966-9614849804F0}.Release|Any CPU.ActiveCfg = Release|Any CPU
		{EF70224C-D9C5-4E1A-8966-9614849804F0}.Release|Any CPU.Build.0 = Release|Any CPU
		{00729BAB-EC62-4764-865C-98B740D306A7}.Debug|Any CPU.ActiveCfg = Debug|Any CPU
		{00729BAB-EC62-4764-865C-98B740D306A7}.Debug|Any CPU.Build.0 = Debug|Any CPU
		{00729BAB-EC62-4764-865C-98B740D306A7}.Release|Any CPU.ActiveCfg = Release|Any CPU
		{00729BAB-EC62-4764-865C-98B740D306A7}.Release|Any CPU.Build.0 = Release|Any CPU
	EndGlobalSection
	GlobalSection(SolutionProperties) = preSolution
		HideSolutionNode = FALSE
	EndGlobalSection
EndGlobal
